// !$*UTF8*$!
{
	archiveVersion = 1;
	classes = {
	};
	objectVersion = 77;
	objects = {

/* Begin PBXBuildFile section */
		025F33A82A421DE1FC6CC896 /* AppEnvironment.swift in Sources */ = {isa = PBXBuildFile; fileRef = 9B61143ECDB3A70FF32355F0 /* AppEnvironment.swift */; };
		03921D74809B28972F7A6762 /* LauncherPanel.swift in Sources */ = {isa = PBXBuildFile; fileRef = D29FF94F9BE621AF3A6095B4 /* LauncherPanel.swift */; };
		03F3AC43B3737F9107E22981 /* UsageCreditsPane.swift in Sources */ = {isa = PBXBuildFile; fileRef = BBB841970EC9F4B0554357BF /* UsageCreditsPane.swift */; };
		1D21B5CFAA41940E0383FCBE /* LauncherModelSessionTests.swift in Sources */ = {isa = PBXBuildFile; fileRef = D30BD73A1EB36763CBA0B37E /* LauncherModelSessionTests.swift */; };
		1D320494D52534D188026379 /* HotKeyCenterTests.swift in Sources */ = {isa = PBXBuildFile; fileRef = 1AE065BCE63FAD6180201421 /* HotKeyCenterTests.swift */; };
		205EDA554EE2E30B65C54E07 /* LauncherLane.swift in Sources */ = {isa = PBXBuildFile; fileRef = 20348734D46E428BDA04EE04 /* LauncherLane.swift */; };
		25515FBF682CB243F81947D9 /* SettingsSnapshot.swift in Sources */ = {isa = PBXBuildFile; fileRef = 4980BC09AD044F0F918D864B /* SettingsSnapshot.swift */; };
		2968707A8D04FE217A0AFB5E /* KeyboardShortcutsPane.swift in Sources */ = {isa = PBXBuildFile; fileRef = A22C75B485B3E5A6E4FDC9E1 /* KeyboardShortcutsPane.swift */; };
		2DF2F905D563F3DF432CF8B7 /* Assets.xcassets in Resources */ = {isa = PBXBuildFile; fileRef = DE37FA5998D1A9FB0C6A9AF2 /* Assets.xcassets */; };
		31373BB6936E3F2AC9DB6243 /* SignIn.swift in Sources */ = {isa = PBXBuildFile; fileRef = AB26C2543E88F763B3553D02 /* SignIn.swift */; };
		3498CC69345186E53C0CC66E /* PushCenter.swift in Sources */ = {isa = PBXBuildFile; fileRef = 7439B64C561B831037F0D2E2 /* PushCenter.swift */; };
		34AC3C55914B7872E39BC5BD /* MacSettingsTabTests.swift in Sources */ = {isa = PBXBuildFile; fileRef = 3D43D09D38ACB649AE46CFE3 /* MacSettingsTabTests.swift */; };
		3620F367D9B7666BE0D25E58 /* TaskforceKit in Frameworks */ = {isa = PBXBuildFile; productRef = 2A771618579B2627F65408E5 /* TaskforceKit */; };
		463B3B9643F7288FE0FDD9B7 /* AccountDeletion.swift in Sources */ = {isa = PBXBuildFile; fileRef = 8F35BE01B9CE310854A11A47 /* AccountDeletion.swift */; };
		497A72C80C3F5A62742FA119 /* TaskforceApp.swift in Sources */ = {isa = PBXBuildFile; fileRef = 2DD246DFD55D3C8EB54CDCF0 /* TaskforceApp.swift */; };
		49860D5AA10B47E94115ACA7 /* LauncherPresentationFixtureRendersTests.swift in Sources */ = {isa = PBXBuildFile; fileRef = AB6C40E329E6EAB3368F0C0B /* LauncherPresentationFixtureRendersTests.swift */; };
		5020EF0FA3E7F009DF938515 /* RailOrdering.swift in Sources */ = {isa = PBXBuildFile; fileRef = 23F7BF891037000F11537653 /* RailOrdering.swift */; };
		51A41EC52940EB555842641B /* EdgeShellModelTests.swift in Sources */ = {isa = PBXBuildFile; fileRef = 997F7CDADCE1B82032C6E3C9 /* EdgeShellModelTests.swift */; };
		51DD873085D1961D40AC7681 /* TaskforceUI in Frameworks */ = {isa = PBXBuildFile; productRef = 80B175BF4CA400FA877FD5AF /* TaskforceUI */; };
		578284CEF0A8A1DD0672CB7E /* LauncherSnapshot.swift in Sources */ = {isa = PBXBuildFile; fileRef = 524FC1544A0E35537AE10E50 /* LauncherSnapshot.swift */; };
		581217CC14A2D6D2EB1107D4 /* Supabase in Frameworks */ = {isa = PBXBuildFile; productRef = A1C5FE529FB0C309AD76DA12 /* Supabase */; };
		584A291FF09ECAF09FD9B4B7 /* TaskforceKit in Frameworks */ = {isa = PBXBuildFile; productRef = 73C221837F84EEB751235C8E /* TaskforceKit */; };
		5AADF7819C0656F5D1C3C1C1 /* SampleData.swift in Sources */ = {isa = PBXBuildFile; fileRef = 599D903AD6A4CA63031CAE4D /* SampleData.swift */; };
		64CF456FF4FB0B30279CA261 /* EdgeSnapshot.swift in Sources */ = {isa = PBXBuildFile; fileRef = F0D8F27321B3759BDC933C9C /* EdgeSnapshot.swift */; };
		6609B3AD0BE3071B4C236771 /* EdgeRailPanel.swift in Sources */ = {isa = PBXBuildFile; fileRef = 603292F5B4100FD37C53E2CD /* EdgeRailPanel.swift */; };
		68DFF761D14327138E4CB5F4 /* MacSettingsView.swift in Sources */ = {isa = PBXBuildFile; fileRef = C4A28A214EF045FAF600AC14 /* MacSettingsView.swift */; };
		6D563AFBBD0CFBB89C4A680E /* LauncherDetailPane.swift in Sources */ = {isa = PBXBuildFile; fileRef = F8F4C0A94A16821764C38281 /* LauncherDetailPane.swift */; };
		7985AF2095DB0B6C7E070C31 /* LauncherRunTests.swift in Sources */ = {isa = PBXBuildFile; fileRef = 8CB05D753291715B60E890FF /* LauncherRunTests.swift */; };
		79F9066EF922D90C473539BF /* LauncherActionBar.swift in Sources */ = {isa = PBXBuildFile; fileRef = C269834CACB1135D6F14018F /* LauncherActionBar.swift */; };
		7B16E71BE7CE882E8FEEF020 /* LauncherSearchBar.swift in Sources */ = {isa = PBXBuildFile; fileRef = E0E7EEAC44B716850440D045 /* LauncherSearchBar.swift */; };
		7BE3D371436C7BFC7B67A63F /* RunStoreTests.swift in Sources */ = {isa = PBXBuildFile; fileRef = 67FA98B6AD5F48FCE46EAB29 /* RunStoreTests.swift */; };
		7D30F03CB0E36223457C4BA9 /* PrivacySettingsTests.swift in Sources */ = {isa = PBXBuildFile; fileRef = 29973AAF33CBAF50B52E623E /* PrivacySettingsTests.swift */; };
		8996B663E7EE249A08383C19 /* LauncherStateView.swift in Sources */ = {isa = PBXBuildFile; fileRef = F9CA2946F6A830979A66143B /* LauncherStateView.swift */; };
		8DC06F852C344BE3D90E03A8 /* EdgePanel.swift in Sources */ = {isa = PBXBuildFile; fileRef = 6A0A3424B28B328F9AB5DA43 /* EdgePanel.swift */; };
		959174039B7582454891C897 /* NowStoreSourceMetadataTests.swift in Sources */ = {isa = PBXBuildFile; fileRef = C163B11C1DF9E018538C4257 /* NowStoreSourceMetadataTests.swift */; };
		9731E4E4A9B4D4EC556F263B /* MacAppDelegate.swift in Sources */ = {isa = PBXBuildFile; fileRef = D553D4AC83AD95CD5BD8CBF7 /* MacAppDelegate.swift */; };
		A4261CCE0661340A86AA7AE8 /* TaskDetailView.swift in Sources */ = {isa = PBXBuildFile; fileRef = 5E8C9F31E468AFC305D9E9EF /* TaskDetailView.swift */; };
		AF947F2BD43B557FCF6EAACA /* LauncherListPane.swift in Sources */ = {isa = PBXBuildFile; fileRef = C314FCA48C9C473BEC0F5388 /* LauncherListPane.swift */; };
		B12630859AFFAB6A88E428E6 /* GoogleSignIn.swift in Sources */ = {isa = PBXBuildFile; fileRef = 0EEFD4BECF876565725DFA15 /* GoogleSignIn.swift */; };
		B1CC59880F2E7DB9E145834B /* AccountViews.swift in Sources */ = {isa = PBXBuildFile; fileRef = 9E2BFF6EF4C37CFDCEBD88DB /* AccountViews.swift */; };
		BDD2EC4FA6C9D0C3A53DD751 /* HotKeyCenter.swift in Sources */ = {isa = PBXBuildFile; fileRef = 2069D753238A9DAE1E390CB3 /* HotKeyCenter.swift */; };
		C503B55F9B1BE9972DE63908 /* LauncherView.swift in Sources */ = {isa = PBXBuildFile; fileRef = 89F1ED15CD31CFD73551EE92 /* LauncherView.swift */; };
		D872654C1DF62819BA31E385 /* NowStore.swift in Sources */ = {isa = PBXBuildFile; fileRef = F0C3F69D6A673231631FB11C /* NowStore.swift */; };
		DCBC154B87836CE0E180CFC1 /* EdgeShell.swift in Sources */ = {isa = PBXBuildFile; fileRef = 8C3103BEF535AF3D545FD7E9 /* EdgeShell.swift */; };
		DE51DA1610314BCE5A25CE45 /* LauncherShellModelTests.swift in Sources */ = {isa = PBXBuildFile; fileRef = 65D96844CFEE5E58206572EF /* LauncherShellModelTests.swift */; };
		E1126617A47FD961B4920E4A /* EdgeShellModel.swift in Sources */ = {isa = PBXBuildFile; fileRef = BBD3E7D1D9EE7600950CF52C /* EdgeShellModel.swift */; };
		E2E22004841EC931D746713B /* AccountStore.swift in Sources */ = {isa = PBXBuildFile; fileRef = 9E5447C917C7443CACB72BD8 /* AccountStore.swift */; };
		E9FF4630E2A023E47E3CBE13 /* GoogleSignIn in Frameworks */ = {isa = PBXBuildFile; productRef = 61502A661BD123C408697237 /* GoogleSignIn */; };
		EEF31FD388053B5863C030DB /* LauncherDraftPane.swift in Sources */ = {isa = PBXBuildFile; fileRef = AB01D992A7923CAF4414A91D /* LauncherDraftPane.swift */; };
		EF810C02C820D340DC1EB4F7 /* LauncherModel.swift in Sources */ = {isa = PBXBuildFile; fileRef = 6EE4BF508E321D0E6BBC09B1 /* LauncherModel.swift */; };
		FD7CC1296F85732599DE1AFC /* RunStore.swift in Sources */ = {isa = PBXBuildFile; fileRef = 19530AF9617AD254389374F2 /* RunStore.swift */; };
		FF68550675704B842603A326 /* LauncherRunPane.swift in Sources */ = {isa = PBXBuildFile; fileRef = CB475A9C43FB5DA64D5B10A4 /* LauncherRunPane.swift */; };
/* End PBXBuildFile section */

/* Begin PBXContainerItemProxy section */
		44201B66A5B5E3DFC96F1EAE /* PBXContainerItemProxy */ = {
			isa = PBXContainerItemProxy;
			containerPortal = 4048BC7BE910FF1E399DC4C5 /* Project object */;
			proxyType = 1;
			remoteGlobalIDString = 6CC10594A8A3513CB3649C13;
			remoteInfo = Taskforce;
		};
/* End PBXContainerItemProxy section */

/* Begin PBXFileReference section */
		010DF3CB9AFFABF74B07F0F2 /* Release.xcconfig */ = {isa = PBXFileReference; lastKnownFileType = text.xcconfig; path = Release.xcconfig; sourceTree = "<group>"; };
		0EEFD4BECF876565725DFA15 /* GoogleSignIn.swift */ = {isa = PBXFileReference; lastKnownFileType = sourcecode.swift; path = GoogleSignIn.swift; sourceTree = "<group>"; };
		19530AF9617AD254389374F2 /* RunStore.swift */ = {isa = PBXFileReference; lastKnownFileType = sourcecode.swift; path = RunStore.swift; sourceTree = "<group>"; };
		1ADEC50CCCD6DD9A67EAA50B /* Base.xcconfig */ = {isa = PBXFileReference; lastKnownFileType = text.xcconfig; path = Base.xcconfig; sourceTree = "<group>"; };
		1AE065BCE63FAD6180201421 /* HotKeyCenterTests.swift */ = {isa = PBXFileReference; lastKnownFileType = sourcecode.swift; path = HotKeyCenterTests.swift; sourceTree = "<group>"; };
		1FCAEE30F5C476D81D71E869 /* Taskforce-macOS.entitlements */ = {isa = PBXFileReference; lastKnownFileType = text.plist.entitlements; path = "Taskforce-macOS.entitlements"; sourceTree = "<group>"; };
		20348734D46E428BDA04EE04 /* LauncherLane.swift */ = {isa = PBXFileReference; lastKnownFileType = sourcecode.swift; path = LauncherLane.swift; sourceTree = "<group>"; };
		2069D753238A9DAE1E390CB3 /* HotKeyCenter.swift */ = {isa = PBXFileReference; lastKnownFileType = sourcecode.swift; path = HotKeyCenter.swift; sourceTree = "<group>"; };
		23F7BF891037000F11537653 /* RailOrdering.swift */ = {isa = PBXFileReference; lastKnownFileType = sourcecode.swift; path = RailOrdering.swift; sourceTree = "<group>"; };
		29973AAF33CBAF50B52E623E /* PrivacySettingsTests.swift */ = {isa = PBXFileReference; lastKnownFileType = sourcecode.swift; path = PrivacySettingsTests.swift; sourceTree = "<group>"; };
		2DD246DFD55D3C8EB54CDCF0 /* TaskforceApp.swift */ = {isa = PBXFileReference; lastKnownFileType = sourcecode.swift; path = TaskforceApp.swift; sourceTree = "<group>"; };
		3D43D09D38ACB649AE46CFE3 /* MacSettingsTabTests.swift */ = {isa = PBXFileReference; lastKnownFileType = sourcecode.swift; path = MacSettingsTabTests.swift; sourceTree = "<group>"; };
		4575E663CCDD3F320C873CBA /* TaskforceTests.xctest */ = {isa = PBXFileReference; explicitFileType = wrapper.cfbundle; includeInIndex = 0; path = TaskforceTests.xctest; sourceTree = BUILT_PRODUCTS_DIR; };
		4980BC09AD044F0F918D864B /* SettingsSnapshot.swift */ = {isa = PBXFileReference; lastKnownFileType = sourcecode.swift; path = SettingsSnapshot.swift; sourceTree = "<group>"; };
		524FC1544A0E35537AE10E50 /* LauncherSnapshot.swift */ = {isa = PBXFileReference; lastKnownFileType = sourcecode.swift; path = LauncherSnapshot.swift; sourceTree = "<group>"; };
		599D903AD6A4CA63031CAE4D /* SampleData.swift */ = {isa = PBXFileReference; lastKnownFileType = sourcecode.swift; path = SampleData.swift; sourceTree = "<group>"; };
		5E8C9F31E468AFC305D9E9EF /* TaskDetailView.swift */ = {isa = PBXFileReference; lastKnownFileType = sourcecode.swift; path = TaskDetailView.swift; sourceTree = "<group>"; };
		603292F5B4100FD37C53E2CD /* EdgeRailPanel.swift */ = {isa = PBXFileReference; lastKnownFileType = sourcecode.swift; path = EdgeRailPanel.swift; sourceTree = "<group>"; };
		65D96844CFEE5E58206572EF /* LauncherShellModelTests.swift */ = {isa = PBXFileReference; lastKnownFileType = sourcecode.swift; path = LauncherShellModelTests.swift; sourceTree = "<group>"; };
		67FA98B6AD5F48FCE46EAB29 /* RunStoreTests.swift */ = {isa = PBXFileReference; lastKnownFileType = sourcecode.swift; path = RunStoreTests.swift; sourceTree = "<group>"; };
		6A0A3424B28B328F9AB5DA43 /* EdgePanel.swift */ = {isa = PBXFileReference; lastKnownFileType = sourcecode.swift; path = EdgePanel.swift; sourceTree = "<group>"; };
		6EE4BF508E321D0E6BBC09B1 /* LauncherModel.swift */ = {isa = PBXFileReference; lastKnownFileType = sourcecode.swift; path = LauncherModel.swift; sourceTree = "<group>"; };
		7439B64C561B831037F0D2E2 /* PushCenter.swift */ = {isa = PBXFileReference; lastKnownFileType = sourcecode.swift; path = PushCenter.swift; sourceTree = "<group>"; };
		89F1ED15CD31CFD73551EE92 /* LauncherView.swift */ = {isa = PBXFileReference; lastKnownFileType = sourcecode.swift; path = LauncherView.swift; sourceTree = "<group>"; };
		8C3103BEF535AF3D545FD7E9 /* EdgeShell.swift */ = {isa = PBXFileReference; lastKnownFileType = sourcecode.swift; path = EdgeShell.swift; sourceTree = "<group>"; };
		8CB05D753291715B60E890FF /* LauncherRunTests.swift */ = {isa = PBXFileReference; lastKnownFileType = sourcecode.swift; path = LauncherRunTests.swift; sourceTree = "<group>"; };
		8F35BE01B9CE310854A11A47 /* AccountDeletion.swift */ = {isa = PBXFileReference; lastKnownFileType = sourcecode.swift; path = AccountDeletion.swift; sourceTree = "<group>"; };
		997F7CDADCE1B82032C6E3C9 /* EdgeShellModelTests.swift */ = {isa = PBXFileReference; lastKnownFileType = sourcecode.swift; path = EdgeShellModelTests.swift; sourceTree = "<group>"; };
		9B61143ECDB3A70FF32355F0 /* AppEnvironment.swift */ = {isa = PBXFileReference; lastKnownFileType = sourcecode.swift; path = AppEnvironment.swift; sourceTree = "<group>"; };
		9E2BFF6EF4C37CFDCEBD88DB /* AccountViews.swift */ = {isa = PBXFileReference; lastKnownFileType = sourcecode.swift; path = AccountViews.swift; sourceTree = "<group>"; };
		9E5447C917C7443CACB72BD8 /* AccountStore.swift */ = {isa = PBXFileReference; lastKnownFileType = sourcecode.swift; path = AccountStore.swift; sourceTree = "<group>"; };
		A22C75B485B3E5A6E4FDC9E1 /* KeyboardShortcutsPane.swift */ = {isa = PBXFileReference; lastKnownFileType = sourcecode.swift; path = KeyboardShortcutsPane.swift; sourceTree = "<group>"; };
		AB01D992A7923CAF4414A91D /* LauncherDraftPane.swift */ = {isa = PBXFileReference; lastKnownFileType = sourcecode.swift; path = LauncherDraftPane.swift; sourceTree = "<group>"; };
		AB26C2543E88F763B3553D02 /* SignIn.swift */ = {isa = PBXFileReference; lastKnownFileType = sourcecode.swift; path = SignIn.swift; sourceTree = "<group>"; };
		AB6C40E329E6EAB3368F0C0B /* LauncherPresentationFixtureRendersTests.swift */ = {isa = PBXFileReference; lastKnownFileType = sourcecode.swift; path = LauncherPresentationFixtureRendersTests.swift; sourceTree = "<group>"; };
		B585CF3FD7B78EDC16427DEF /* Taskforce.app */ = {isa = PBXFileReference; includeInIndex = 0; lastKnownFileType = wrapper.application; path = Taskforce.app; sourceTree = BUILT_PRODUCTS_DIR; };
		BBB841970EC9F4B0554357BF /* UsageCreditsPane.swift */ = {isa = PBXFileReference; lastKnownFileType = sourcecode.swift; path = UsageCreditsPane.swift; sourceTree = "<group>"; };
		BBD3E7D1D9EE7600950CF52C /* EdgeShellModel.swift */ = {isa = PBXFileReference; lastKnownFileType = sourcecode.swift; path = EdgeShellModel.swift; sourceTree = "<group>"; };
		C163B11C1DF9E018538C4257 /* NowStoreSourceMetadataTests.swift */ = {isa = PBXFileReference; lastKnownFileType = sourcecode.swift; path = NowStoreSourceMetadataTests.swift; sourceTree = "<group>"; };
		C269834CACB1135D6F14018F /* LauncherActionBar.swift */ = {isa = PBXFileReference; lastKnownFileType = sourcecode.swift; path = LauncherActionBar.swift; sourceTree = "<group>"; };
		C314FCA48C9C473BEC0F5388 /* LauncherListPane.swift */ = {isa = PBXFileReference; lastKnownFileType = sourcecode.swift; path = LauncherListPane.swift; sourceTree = "<group>"; };
		C4A28A214EF045FAF600AC14 /* MacSettingsView.swift */ = {isa = PBXFileReference; lastKnownFileType = sourcecode.swift; path = MacSettingsView.swift; sourceTree = "<group>"; };
		CB475A9C43FB5DA64D5B10A4 /* LauncherRunPane.swift */ = {isa = PBXFileReference; lastKnownFileType = sourcecode.swift; path = LauncherRunPane.swift; sourceTree = "<group>"; };
		D1D7134479EB84008A2F52BD /* TaskforceKit */ = {isa = PBXFileReference; lastKnownFileType = folder; name = TaskforceKit; path = Packages/TaskforceKit; sourceTree = SOURCE_ROOT; };
		D29FF94F9BE621AF3A6095B4 /* LauncherPanel.swift */ = {isa = PBXFileReference; lastKnownFileType = sourcecode.swift; path = LauncherPanel.swift; sourceTree = "<group>"; };
		D30BD73A1EB36763CBA0B37E /* LauncherModelSessionTests.swift */ = {isa = PBXFileReference; lastKnownFileType = sourcecode.swift; path = LauncherModelSessionTests.swift; sourceTree = "<group>"; };
		D553D4AC83AD95CD5BD8CBF7 /* MacAppDelegate.swift */ = {isa = PBXFileReference; lastKnownFileType = sourcecode.swift; path = MacAppDelegate.swift; sourceTree = "<group>"; };
		DE37FA5998D1A9FB0C6A9AF2 /* Assets.xcassets */ = {isa = PBXFileReference; lastKnownFileType = folder.assetcatalog; path = Assets.xcassets; sourceTree = "<group>"; };
		E0E7EEAC44B716850440D045 /* LauncherSearchBar.swift */ = {isa = PBXFileReference; lastKnownFileType = sourcecode.swift; path = LauncherSearchBar.swift; sourceTree = "<group>"; };
		E188CB78A16E96E9EFA7B9FA /* Info.plist */ = {isa = PBXFileReference; lastKnownFileType = text.plist; path = Info.plist; sourceTree = "<group>"; };
		F0C3F69D6A673231631FB11C /* NowStore.swift */ = {isa = PBXFileReference; lastKnownFileType = sourcecode.swift; path = NowStore.swift; sourceTree = "<group>"; };
		F0D8F27321B3759BDC933C9C /* EdgeSnapshot.swift */ = {isa = PBXFileReference; lastKnownFileType = sourcecode.swift; path = EdgeSnapshot.swift; sourceTree = "<group>"; };
		F8F4C0A94A16821764C38281 /* LauncherDetailPane.swift */ = {isa = PBXFileReference; lastKnownFileType = sourcecode.swift; path = LauncherDetailPane.swift; sourceTree = "<group>"; };
		F9CA2946F6A830979A66143B /* LauncherStateView.swift */ = {isa = PBXFileReference; lastKnownFileType = sourcecode.swift; path = LauncherStateView.swift; sourceTree = "<group>"; };
/* End PBXFileReference section */

/* Begin PBXFrameworksBuildPhase section */
		077BECEE37FED2C0BD2A1A6F /* Frameworks */ = {
			isa = PBXFrameworksBuildPhase;
			buildActionMask = 2147483647;
			files = (
				3620F367D9B7666BE0D25E58 /* TaskforceKit in Frameworks */,
				581217CC14A2D6D2EB1107D4 /* Supabase in Frameworks */,
			);
			runOnlyForDeploymentPostprocessing = 0;
		};
		A7431063D3D0B070C849405F /* Frameworks */ = {
			isa = PBXFrameworksBuildPhase;
			buildActionMask = 2147483647;
			files = (
				584A291FF09ECAF09FD9B4B7 /* TaskforceKit in Frameworks */,
				51DD873085D1961D40AC7681 /* TaskforceUI in Frameworks */,
				E9FF4630E2A023E47E3CBE13 /* GoogleSignIn in Frameworks */,
			);
			runOnlyForDeploymentPostprocessing = 0;
		};
/* End PBXFrameworksBuildPhase section */

/* Begin PBXGroup section */
		0F92A9E7EB73E6C16C15EF06 = {
			isa = PBXGroup;
			children = (
				CF923E8A8BC7821D4981C44A /* Config */,
				EC6822F54AD6ECF22E2FBCC9 /* Packages */,
				6E68EA2E154F426FC006C0DE /* Taskforce */,
				8E2E91C6463591C5FAE186CB /* TaskforceTests */,
				75865EDD53C9C43B08C20529 /* Products */,
			);
			sourceTree = "<group>";
		};
		314BC367CD7A9EFBD41AF7E7 /* Edge */ = {
			isa = PBXGroup;
			children = (
				6A0A3424B28B328F9AB5DA43 /* EdgePanel.swift */,
				603292F5B4100FD37C53E2CD /* EdgeRailPanel.swift */,
				8C3103BEF535AF3D545FD7E9 /* EdgeShell.swift */,
				BBD3E7D1D9EE7600950CF52C /* EdgeShellModel.swift */,
				F0D8F27321B3759BDC933C9C /* EdgeSnapshot.swift */,
				23F7BF891037000F11537653 /* RailOrdering.swift */,
			);
			path = Edge;
			sourceTree = "<group>";
		};
		484E126A92686BFB7FB4C5FC /* Mac */ = {
			isa = PBXGroup;
			children = (
				2069D753238A9DAE1E390CB3 /* HotKeyCenter.swift */,
				A22C75B485B3E5A6E4FDC9E1 /* KeyboardShortcutsPane.swift */,
				C269834CACB1135D6F14018F /* LauncherActionBar.swift */,
				F8F4C0A94A16821764C38281 /* LauncherDetailPane.swift */,
				AB01D992A7923CAF4414A91D /* LauncherDraftPane.swift */,
				20348734D46E428BDA04EE04 /* LauncherLane.swift */,
				C314FCA48C9C473BEC0F5388 /* LauncherListPane.swift */,
				6EE4BF508E321D0E6BBC09B1 /* LauncherModel.swift */,
				D29FF94F9BE621AF3A6095B4 /* LauncherPanel.swift */,
				CB475A9C43FB5DA64D5B10A4 /* LauncherRunPane.swift */,
				E0E7EEAC44B716850440D045 /* LauncherSearchBar.swift */,
				524FC1544A0E35537AE10E50 /* LauncherSnapshot.swift */,
				F9CA2946F6A830979A66143B /* LauncherStateView.swift */,
				89F1ED15CD31CFD73551EE92 /* LauncherView.swift */,
				D553D4AC83AD95CD5BD8CBF7 /* MacAppDelegate.swift */,
				C4A28A214EF045FAF600AC14 /* MacSettingsView.swift */,
				4980BC09AD044F0F918D864B /* SettingsSnapshot.swift */,
				BBB841970EC9F4B0554357BF /* UsageCreditsPane.swift */,
				314BC367CD7A9EFBD41AF7E7 /* Edge */,
			);
			path = Mac;
			sourceTree = "<group>";
		};
		6E68EA2E154F426FC006C0DE /* Taskforce */ = {
			isa = PBXGroup;
			children = (
				DE37FA5998D1A9FB0C6A9AF2 /* Assets.xcassets */,
				E188CB78A16E96E9EFA7B9FA /* Info.plist */,
				1FCAEE30F5C476D81D71E869 /* Taskforce-macOS.entitlements */,
				2DD246DFD55D3C8EB54CDCF0 /* TaskforceApp.swift */,
				D8ED910F21F61E72998A0E9F /* iOS */,
				484E126A92686BFB7FB4C5FC /* Mac */,
				919E84BCDD5605B0CDD6FF09 /* Shared */,
			);
			path = Taskforce;
			sourceTree = "<group>";
		};
		75865EDD53C9C43B08C20529 /* Products */ = {
			isa = PBXGroup;
			children = (
				B585CF3FD7B78EDC16427DEF /* Taskforce.app */,
				4575E663CCDD3F320C873CBA /* TaskforceTests.xctest */,
			);
			name = Products;
			sourceTree = "<group>";
		};
		8E2E91C6463591C5FAE186CB /* TaskforceTests */ = {
			isa = PBXGroup;
			children = (
				997F7CDADCE1B82032C6E3C9 /* EdgeShellModelTests.swift */,
				1AE065BCE63FAD6180201421 /* HotKeyCenterTests.swift */,
				D30BD73A1EB36763CBA0B37E /* LauncherModelSessionTests.swift */,
				AB6C40E329E6EAB3368F0C0B /* LauncherPresentationFixtureRendersTests.swift */,
				8CB05D753291715B60E890FF /* LauncherRunTests.swift */,
				65D96844CFEE5E58206572EF /* LauncherShellModelTests.swift */,
				3D43D09D38ACB649AE46CFE3 /* MacSettingsTabTests.swift */,
				C163B11C1DF9E018538C4257 /* NowStoreSourceMetadataTests.swift */,
				29973AAF33CBAF50B52E623E /* PrivacySettingsTests.swift */,
				67FA98B6AD5F48FCE46EAB29 /* RunStoreTests.swift */,
			);
			path = TaskforceTests;
			sourceTree = "<group>";
		};
		919E84BCDD5605B0CDD6FF09 /* Shared */ = {
			isa = PBXGroup;
			children = (
				8F35BE01B9CE310854A11A47 /* AccountDeletion.swift */,
				9E5447C917C7443CACB72BD8 /* AccountStore.swift */,
				9E2BFF6EF4C37CFDCEBD88DB /* AccountViews.swift */,
				9B61143ECDB3A70FF32355F0 /* AppEnvironment.swift */,
				0EEFD4BECF876565725DFA15 /* GoogleSignIn.swift */,
				F0C3F69D6A673231631FB11C /* NowStore.swift */,
				7439B64C561B831037F0D2E2 /* PushCenter.swift */,
				19530AF9617AD254389374F2 /* RunStore.swift */,
				599D903AD6A4CA63031CAE4D /* SampleData.swift */,
				AB26C2543E88F763B3553D02 /* SignIn.swift */,
			);
			path = Shared;
			sourceTree = "<group>";
		};
		CF923E8A8BC7821D4981C44A /* Config */ = {
			isa = PBXGroup;
			children = (
				1ADEC50CCCD6DD9A67EAA50B /* Base.xcconfig */,
				010DF3CB9AFFABF74B07F0F2 /* Release.xcconfig */,
			);
			path = Config;
			sourceTree = "<group>";
		};
		D8ED910F21F61E72998A0E9F /* iOS */ = {
			isa = PBXGroup;
			children = (
				5E8C9F31E468AFC305D9E9EF /* TaskDetailView.swift */,
			);
			path = iOS;
			sourceTree = "<group>";
		};
		EC6822F54AD6ECF22E2FBCC9 /* Packages */ = {
			isa = PBXGroup;
			children = (
				D1D7134479EB84008A2F52BD /* TaskforceKit */,
			);
			path = Packages;
			sourceTree = "<group>";
		};
/* End PBXGroup section */

/* Begin PBXNativeTarget section */
		2CB50A0CE95B5EC02A90D00C /* TaskforceTests */ = {
			isa = PBXNativeTarget;
			buildConfigurationList = F3FB80DDDAD2CA29093A2E63 /* Build configuration list for PBXNativeTarget "TaskforceTests" */;
			buildPhases = (
				1A1231F1DD6BD2AB52B14579 /* Sources */,
				077BECEE37FED2C0BD2A1A6F /* Frameworks */,
			);
			buildRules = (
			);
			dependencies = (
				BB11039C29FC138C0F6D82E6 /* PBXTargetDependency */,
			);
			name = TaskforceTests;
			packageProductDependencies = (
				2A771618579B2627F65408E5 /* TaskforceKit */,
				A1C5FE529FB0C309AD76DA12 /* Supabase */,
			);
			productName = TaskforceTests;
			productReference = 4575E663CCDD3F320C873CBA /* TaskforceTests.xctest */;
			productType = "com.apple.product-type.bundle.unit-test";
		};
		6CC10594A8A3513CB3649C13 /* Taskforce */ = {
			isa = PBXNativeTarget;
			buildConfigurationList = 9F99BCB75CB561ACE0726F26 /* Build configuration list for PBXNativeTarget "Taskforce" */;
			buildPhases = (
				8D711A9902D3883976AA2C32 /* Sources */,
				3404C6A9C6B0A72EDE4B9EA7 /* Resources */,
				A7431063D3D0B070C849405F /* Frameworks */,
			);
			buildRules = (
			);
			dependencies = (
			);
			name = Taskforce;
			packageProductDependencies = (
				73C221837F84EEB751235C8E /* TaskforceKit */,
				80B175BF4CA400FA877FD5AF /* TaskforceUI */,
				61502A661BD123C408697237 /* GoogleSignIn */,
			);
			productName = Taskforce;
			productReference = B585CF3FD7B78EDC16427DEF /* Taskforce.app */;
			productType = "com.apple.product-type.application";
		};
/* End PBXNativeTarget section */

/* Begin PBXProject section */
		4048BC7BE910FF1E399DC4C5 /* Project object */ = {
			isa = PBXProject;
			attributes = {
				BuildIndependentTargetsInParallel = YES;
				LastUpgradeCheck = 1430;
				TargetAttributes = {
					2CB50A0CE95B5EC02A90D00C = {
						DevelopmentTeam = U9DWQKQFMW;
						ProvisioningStyle = Automatic;
					};
					6CC10594A8A3513CB3649C13 = {
						DevelopmentTeam = U9DWQKQFMW;
						ProvisioningStyle = Automatic;
					};
				};
			};
			buildConfigurationList = 22A4EF07FCC8645CD7A90232 /* Build configuration list for PBXProject "Taskforce" */;
			developmentRegion = en;
			hasScannedForEncodings = 0;
			knownRegions = (
				Base,
				en,
			);
			mainGroup = 0F92A9E7EB73E6C16C15EF06;
			minimizedProjectReferenceProxies = 1;
			packageReferences = (
				6160D25A59DF8DE9D2770B2D /* XCRemoteSwiftPackageReference "GoogleSignIn-iOS" */,
				658ABECEB7A903834CEDBDD8 /* XCLocalSwiftPackageReference "Packages/TaskforceKit" */,
			);
			preferredProjectObjectVersion = 77;
			productRefGroup = 75865EDD53C9C43B08C20529 /* Products */;
			projectDirPath = "";
			projectRoot = "";
			targets = (
				6CC10594A8A3513CB3649C13 /* Taskforce */,
				2CB50A0CE95B5EC02A90D00C /* TaskforceTests */,
			);
		};
/* End PBXProject section */

/* Begin PBXResourcesBuildPhase section */
		3404C6A9C6B0A72EDE4B9EA7 /* Resources */ = {
			isa = PBXResourcesBuildPhase;
			buildActionMask = 2147483647;
			files = (
				2DF2F905D563F3DF432CF8B7 /* Assets.xcassets in Resources */,
			);
			runOnlyForDeploymentPostprocessing = 0;
		};
/* End PBXResourcesBuildPhase section */

/* Begin PBXSourcesBuildPhase section */
		1A1231F1DD6BD2AB52B14579 /* Sources */ = {
			isa = PBXSourcesBuildPhase;
			buildActionMask = 2147483647;
			files = (
				51A41EC52940EB555842641B /* EdgeShellModelTests.swift in Sources */,
				1D320494D52534D188026379 /* HotKeyCenterTests.swift in Sources */,
				1D21B5CFAA41940E0383FCBE /* LauncherModelSessionTests.swift in Sources */,
				49860D5AA10B47E94115ACA7 /* LauncherPresentationFixtureRendersTests.swift in Sources */,
				7985AF2095DB0B6C7E070C31 /* LauncherRunTests.swift in Sources */,
				DE51DA1610314BCE5A25CE45 /* LauncherShellModelTests.swift in Sources */,
				34AC3C55914B7872E39BC5BD /* MacSettingsTabTests.swift in Sources */,
				959174039B7582454891C897 /* NowStoreSourceMetadataTests.swift in Sources */,
				7D30F03CB0E36223457C4BA9 /* PrivacySettingsTests.swift in Sources */,
				7BE3D371436C7BFC7B67A63F /* RunStoreTests.swift in Sources */,
			);
			runOnlyForDeploymentPostprocessing = 0;
		};
		8D711A9902D3883976AA2C32 /* Sources */ = {
			isa = PBXSourcesBuildPhase;
			buildActionMask = 2147483647;
			files = (
				463B3B9643F7288FE0FDD9B7 /* AccountDeletion.swift in Sources */,
				E2E22004841EC931D746713B /* AccountStore.swift in Sources */,
				B1CC59880F2E7DB9E145834B /* AccountViews.swift in Sources */,
				025F33A82A421DE1FC6CC896 /* AppEnvironment.swift in Sources */,
				8DC06F852C344BE3D90E03A8 /* EdgePanel.swift in Sources */,
				6609B3AD0BE3071B4C236771 /* EdgeRailPanel.swift in Sources */,
				DCBC154B87836CE0E180CFC1 /* EdgeShell.swift in Sources */,
				E1126617A47FD961B4920E4A /* EdgeShellModel.swift in Sources */,
				64CF456FF4FB0B30279CA261 /* EdgeSnapshot.swift in Sources */,
				B12630859AFFAB6A88E428E6 /* GoogleSignIn.swift in Sources */,
				BDD2EC4FA6C9D0C3A53DD751 /* HotKeyCenter.swift in Sources */,
				2968707A8D04FE217A0AFB5E /* KeyboardShortcutsPane.swift in Sources */,
				79F9066EF922D90C473539BF /* LauncherActionBar.swift in Sources */,
				6D563AFBBD0CFBB89C4A680E /* LauncherDetailPane.swift in Sources */,
				EEF31FD388053B5863C030DB /* LauncherDraftPane.swift in Sources */,
				205EDA554EE2E30B65C54E07 /* LauncherLane.swift in Sources */,
				AF947F2BD43B557FCF6EAACA /* LauncherListPane.swift in Sources */,
				EF810C02C820D340DC1EB4F7 /* LauncherModel.swift in Sources */,
				03921D74809B28972F7A6762 /* LauncherPanel.swift in Sources */,
				FF68550675704B842603A326 /* LauncherRunPane.swift in Sources */,
				7B16E71BE7CE882E8FEEF020 /* LauncherSearchBar.swift in Sources */,
				578284CEF0A8A1DD0672CB7E /* LauncherSnapshot.swift in Sources */,
				8996B663E7EE249A08383C19 /* LauncherStateView.swift in Sources */,
				C503B55F9B1BE9972DE63908 /* LauncherView.swift in Sources */,
				9731E4E4A9B4D4EC556F263B /* MacAppDelegate.swift in Sources */,
				68DFF761D14327138E4CB5F4 /* MacSettingsView.swift in Sources */,
				D872654C1DF62819BA31E385 /* NowStore.swift in Sources */,
				3498CC69345186E53C0CC66E /* PushCenter.swift in Sources */,
				5020EF0FA3E7F009DF938515 /* RailOrdering.swift in Sources */,
				FD7CC1296F85732599DE1AFC /* RunStore.swift in Sources */,
				5AADF7819C0656F5D1C3C1C1 /* SampleData.swift in Sources */,
				25515FBF682CB243F81947D9 /* SettingsSnapshot.swift in Sources */,
				31373BB6936E3F2AC9DB6243 /* SignIn.swift in Sources */,
				A4261CCE0661340A86AA7AE8 /* TaskDetailView.swift in Sources */,
				497A72C80C3F5A62742FA119 /* TaskforceApp.swift in Sources */,
				03F3AC43B3737F9107E22981 /* UsageCreditsPane.swift in Sources */,
			);
			runOnlyForDeploymentPostprocessing = 0;
		};
/* End PBXSourcesBuildPhase section */

/* Begin PBXTargetDependency section */
		BB11039C29FC138C0F6D82E6 /* PBXTargetDependency */ = {
			isa = PBXTargetDependency;
			target = 6CC10594A8A3513CB3649C13 /* Taskforce */;
			targetProxy = 44201B66A5B5E3DFC96F1EAE /* PBXContainerItemProxy */;
		};
/* End PBXTargetDependency section */

/* Begin XCBuildConfiguration section */
		1C2DC0F5723F1BC552B07C3F /* Release */ = {
			isa = XCBuildConfiguration;
			baseConfigurationReference = 010DF3CB9AFFABF74B07F0F2 /* Release.xcconfig */;
			buildSettings = {
				ALWAYS_SEARCH_USER_PATHS = NO;
				CLANG_ANALYZER_NONNULL = YES;
				CLANG_ANALYZER_NUMBER_OBJECT_CONVERSION = YES_AGGRESSIVE;
				CLANG_CXX_LANGUAGE_STANDARD = "gnu++14";
				CLANG_CXX_LIBRARY = "libc++";
				CLANG_ENABLE_MODULES = YES;
				CLANG_ENABLE_OBJC_ARC = YES;
				CLANG_ENABLE_OBJC_WEAK = YES;
				CLANG_WARN_BLOCK_CAPTURE_AUTORELEASING = YES;
				CLANG_WARN_BOOL_CONVERSION = YES;
				CLANG_WARN_COMMA = YES;
				CLANG_WARN_CONSTANT_CONVERSION = YES;
				CLANG_WARN_DEPRECATED_OBJC_IMPLEMENTATIONS = YES;
				CLANG_WARN_DIRECT_OBJC_ISA_USAGE = YES_ERROR;
				CLANG_WARN_DOCUMENTATION_COMMENTS = YES;
				CLANG_WARN_EMPTY_BODY = YES;
				CLANG_WARN_ENUM_CONVERSION = YES;
				CLANG_WARN_INFINITE_RECURSION = YES;
				CLANG_WARN_INT_CONVERSION = YES;
				CLANG_WARN_NON_LITERAL_NULL_CONVERSION = YES;
				CLANG_WARN_OBJC_IMPLICIT_RETAIN_SELF = YES;
				CLANG_WARN_OBJC_LITERAL_CONVERSION = YES;
				CLANG_WARN_OBJC_ROOT_CLASS = YES_ERROR;
				CLANG_WARN_QUOTED_INCLUDE_IN_FRAMEWORK_HEADER = YES;
				CLANG_WARN_RANGE_LOOP_ANALYSIS = YES;
				CLANG_WARN_STRICT_PROTOTYPES = YES;
				CLANG_WARN_SUSPICIOUS_MOVE = YES;
				CLANG_WARN_UNGUARDED_AVAILABILITY = YES_AGGRESSIVE;
				CLANG_WARN_UNREACHABLE_CODE = YES;
				CLANG_WARN__DUPLICATE_METHOD_MATCH = YES;
				CODE_SIGN_STYLE = Automatic;
				COPY_PHASE_STRIP = NO;
				CURRENT_PROJECT_VERSION = 1;
				DEBUG_INFORMATION_FORMAT = "dwarf-with-dsym";
				DEVELOPMENT_TEAM = U9DWQKQFMW;
				ENABLE_NS_ASSERTIONS = NO;
				ENABLE_STRICT_OBJC_MSGSEND = YES;
				GCC_C_LANGUAGE_STANDARD = gnu11;
				GCC_NO_COMMON_BLOCKS = YES;
				GCC_WARN_64_TO_32_BIT_CONVERSION = YES;
				GCC_WARN_ABOUT_RETURN_TYPE = YES_ERROR;
				GCC_WARN_UNDECLARED_SELECTOR = YES;
				GCC_WARN_UNINITIALIZED_AUTOS = YES_AGGRESSIVE;
				GCC_WARN_UNUSED_FUNCTION = YES;
				GCC_WARN_UNUSED_VARIABLE = YES;
				MACOSX_DEPLOYMENT_TARGET = 15.0;
				MARKETING_VERSION = 0.1.0;
				MTL_ENABLE_DEBUG_INFO = NO;
				MTL_FAST_MATH = YES;
				PRODUCT_NAME = "$(TARGET_NAME)";
				SDKROOT = auto;
				SWIFT_COMPILATION_MODE = wholemodule;
				SWIFT_OPTIMIZATION_LEVEL = "-O";
				SWIFT_VERSION = 6.0;
			};
			name = Release;
		};
		30BE20E51797734425613534 /* Release */ = {
			isa = XCBuildConfiguration;
			buildSettings = {
				BUNDLE_LOADER = "$(TEST_HOST)";
				COMBINE_HIDPI_IMAGES = YES;
				LD_RUNPATH_SEARCH_PATHS = (
					"$(inherited)",
					"@executable_path/../Frameworks",
					"@loader_path/../Frameworks",
				);
				PRODUCT_BUNDLE_IDENTIFIER = dev.taskforcelabs.TaskforceTests;
				SDKROOT = macosx;
				TEST_HOST = "$(BUILT_PRODUCTS_DIR)/Taskforce.app/Contents/MacOS/Taskforce";
			};
			name = Release;
		};
		43840FB099F81F247E505689 /* Debug */ = {
			isa = XCBuildConfiguration;
			buildSettings = {
				ASSETCATALOG_COMPILER_APPICON_NAME = AppIcon;
				ASSETCATALOG_COMPILER_GLOBAL_ACCENT_COLOR_NAME = AccentColor;
				CODE_SIGN_ENTITLEMENTS = "Taskforce/Taskforce-macOS.entitlements";
				COMBINE_HIDPI_IMAGES = YES;
				ENABLE_HARDENED_RUNTIME = YES;
				GENERATE_INFOPLIST_FILE = YES;
				INFOPLIST_FILE = Taskforce/Info.plist;
				INFOPLIST_KEY_CFBundleDisplayName = Taskforce;
				INFOPLIST_KEY_LSApplicationCategoryType = "public.app-category.productivity";
				INFOPLIST_KEY_LSUIElement = YES;
				LD_RUNPATH_SEARCH_PATHS = (
					"$(inherited)",
					"@executable_path/../Frameworks",
				);
				PRODUCT_BUNDLE_IDENTIFIER = "$(APP_BUNDLE_ID)";
				PRODUCT_NAME = Taskforce;
				SDKROOT = auto;
				SUPPORTED_PLATFORMS = macosx;
				SUPPORTS_MACCATALYST = NO;
				SUPPORTS_MAC_DESIGNED_FOR_IPHONE_IPAD = NO;
				TARGETED_DEVICE_FAMILY = "";
			};
			name = Debug;
		};
		488D357F044D676A08C13AA5 /* Release */ = {
			isa = XCBuildConfiguration;
			buildSettings = {
				ASSETCATALOG_COMPILER_APPICON_NAME = AppIcon;
				ASSETCATALOG_COMPILER_GLOBAL_ACCENT_COLOR_NAME = AccentColor;
				CODE_SIGN_ENTITLEMENTS = "Taskforce/Taskforce-macOS.entitlements";
				COMBINE_HIDPI_IMAGES = YES;
				ENABLE_HARDENED_RUNTIME = YES;
				GENERATE_INFOPLIST_FILE = YES;
				INFOPLIST_FILE = Taskforce/Info.plist;
				INFOPLIST_KEY_CFBundleDisplayName = Taskforce;
				INFOPLIST_KEY_LSApplicationCategoryType = "public.app-category.productivity";
				INFOPLIST_KEY_LSUIElement = YES;
				LD_RUNPATH_SEARCH_PATHS = (
					"$(inherited)",
					"@executable_path/../Frameworks",
				);
				PRODUCT_BUNDLE_IDENTIFIER = "$(APP_BUNDLE_ID)";
				PRODUCT_NAME = Taskforce;
				SDKROOT = auto;
				SUPPORTED_PLATFORMS = macosx;
				SUPPORTS_MACCATALYST = NO;
				SUPPORTS_MAC_DESIGNED_FOR_IPHONE_IPAD = NO;
				TARGETED_DEVICE_FAMILY = "";
			};
			name = Release;
		};
		BD13A67FFE196063AF3C2C08 /* Debug */ = {
			isa = XCBuildConfiguration;
			buildSettings = {
				BUNDLE_LOADER = "$(TEST_HOST)";
				COMBINE_HIDPI_IMAGES = YES;
				LD_RUNPATH_SEARCH_PATHS = (
					"$(inherited)",
					"@executable_path/../Frameworks",
					"@loader_path/../Frameworks",
				);
				PRODUCT_BUNDLE_IDENTIFIER = dev.taskforcelabs.TaskforceTests;
				SDKROOT = macosx;
				TEST_HOST = "$(BUILT_PRODUCTS_DIR)/Taskforce.app/Contents/MacOS/Taskforce";
			};
			name = Debug;
		};
		EA63A1716FAF9ABE83D47BAA /* Debug */ = {
			isa = XCBuildConfiguration;
			baseConfigurationReference = 1ADEC50CCCD6DD9A67EAA50B /* Base.xcconfig */;
			buildSettings = {
				ALWAYS_SEARCH_USER_PATHS = NO;
				CLANG_ANALYZER_NONNULL = YES;
				CLANG_ANALYZER_NUMBER_OBJECT_CONVERSION = YES_AGGRESSIVE;
				CLANG_CXX_LANGUAGE_STANDARD = "gnu++14";
				CLANG_CXX_LIBRARY = "libc++";
				CLANG_ENABLE_MODULES = YES;
				CLANG_ENABLE_OBJC_ARC = YES;
				CLANG_ENABLE_OBJC_WEAK = YES;
				CLANG_WARN_BLOCK_CAPTURE_AUTORELEASING = YES;
				CLANG_WARN_BOOL_CONVERSION = YES;
				CLANG_WARN_COMMA = YES;
				CLANG_WARN_CONSTANT_CONVERSION = YES;
				CLANG_WARN_DEPRECATED_OBJC_IMPLEMENTATIONS = YES;
				CLANG_WARN_DIRECT_OBJC_ISA_USAGE = YES_ERROR;
				CLANG_WARN_DOCUMENTATION_COMMENTS = YES;
				CLANG_WARN_EMPTY_BODY = YES;
				CLANG_WARN_ENUM_CONVERSION = YES;
				CLANG_WARN_INFINITE_RECURSION = YES;
				CLANG_WARN_INT_CONVERSION = YES;
				CLANG_WARN_NON_LITERAL_NULL_CONVERSION = YES;
				CLANG_WARN_OBJC_IMPLICIT_RETAIN_SELF = YES;
				CLANG_WARN_OBJC_LITERAL_CONVERSION = YES;
				CLANG_WARN_OBJC_ROOT_CLASS = YES_ERROR;
				CLANG_WARN_QUOTED_INCLUDE_IN_FRAMEWORK_HEADER = YES;
				CLANG_WARN_RANGE_LOOP_ANALYSIS = YES;
				CLANG_WARN_STRICT_PROTOTYPES = YES;
				CLANG_WARN_SUSPICIOUS_MOVE = YES;
				CLANG_WARN_UNGUARDED_AVAILABILITY = YES_AGGRESSIVE;
				CLANG_WARN_UNREACHABLE_CODE = YES;
				CLANG_WARN__DUPLICATE_METHOD_MATCH = YES;
				CODE_SIGN_STYLE = Automatic;
				COPY_PHASE_STRIP = NO;
				CURRENT_PROJECT_VERSION = 1;
				DEBUG_INFORMATION_FORMAT = dwarf;
				DEVELOPMENT_TEAM = U9DWQKQFMW;
				ENABLE_STRICT_OBJC_MSGSEND = YES;
				ENABLE_TESTABILITY = YES;
				GCC_C_LANGUAGE_STANDARD = gnu11;
				GCC_DYNAMIC_NO_PIC = NO;
				GCC_NO_COMMON_BLOCKS = YES;
				GCC_OPTIMIZATION_LEVEL = 0;
				GCC_PREPROCESSOR_DEFINITIONS = (
					"$(inherited)",
					"DEBUG=1",
				);
				GCC_WARN_64_TO_32_BIT_CONVERSION = YES;
				GCC_WARN_ABOUT_RETURN_TYPE = YES_ERROR;
				GCC_WARN_UNDECLARED_SELECTOR = YES;
				GCC_WARN_UNINITIALIZED_AUTOS = YES_AGGRESSIVE;
				GCC_WARN_UNUSED_FUNCTION = YES;
				GCC_WARN_UNUSED_VARIABLE = YES;
				MACOSX_DEPLOYMENT_TARGET = 15.0;
				MARKETING_VERSION = 0.1.0;
				MTL_ENABLE_DEBUG_INFO = INCLUDE_SOURCE;
				MTL_FAST_MATH = YES;
				ONLY_ACTIVE_ARCH = YES;
				PRODUCT_NAME = "$(TARGET_NAME)";
				SDKROOT = auto;
				SWIFT_ACTIVE_COMPILATION_CONDITIONS = DEBUG;
				SWIFT_OPTIMIZATION_LEVEL = "-Onone";
				SWIFT_VERSION = 6.0;
			};
			name = Debug;
		};
/* End XCBuildConfiguration section */

/* Begin XCConfigurationList section */
		22A4EF07FCC8645CD7A90232 /* Build configuration list for PBXProject "Taskforce" */ = {
			isa = XCConfigurationList;
			buildConfigurations = (
				EA63A1716FAF9ABE83D47BAA /* Debug */,
				1C2DC0F5723F1BC552B07C3F /* Release */,
			);
			defaultConfigurationIsVisible = 0;
			defaultConfigurationName = Debug;
		};
		9F99BCB75CB561ACE0726F26 /* Build configuration list for PBXNativeTarget "Taskforce" */ = {
			isa = XCConfigurationList;
			buildConfigurations = (
				43840FB099F81F247E505689 /* Debug */,
				488D357F044D676A08C13AA5 /* Release */,
			);
			defaultConfigurationIsVisible = 0;
			defaultConfigurationName = Debug;
		};
		F3FB80DDDAD2CA29093A2E63 /* Build configuration list for PBXNativeTarget "TaskforceTests" */ = {
			isa = XCConfigurationList;
			buildConfigurations = (
				BD13A67FFE196063AF3C2C08 /* Debug */,
				30BE20E51797734425613534 /* Release */,
			);
			defaultConfigurationIsVisible = 0;
			defaultConfigurationName = Debug;
		};
/* End XCConfigurationList section */

/* Begin XCLocalSwiftPackageReference section */
		658ABECEB7A903834CEDBDD8 /* XCLocalSwiftPackageReference "Packages/TaskforceKit" */ = {
			isa = XCLocalSwiftPackageReference;
			relativePath = Packages/TaskforceKit;
		};
/* End XCLocalSwiftPackageReference section */

/* Begin XCRemoteSwiftPackageReference section */
		6160D25A59DF8DE9D2770B2D /* XCRemoteSwiftPackageReference "GoogleSignIn-iOS" */ = {
			isa = XCRemoteSwiftPackageReference;
			repositoryURL = "https://github.com/google/GoogleSignIn-iOS";
			requirement = {
				kind = upToNextMajorVersion;
				minimumVersion = 10.0.0;
			};
		};
/* End XCRemoteSwiftPackageReference section */

/* Begin XCSwiftPackageProductDependency section */
		2A771618579B2627F65408E5 /* TaskforceKit */ = {
			isa = XCSwiftPackageProductDependency;
			productName = TaskforceKit;
		};
		61502A661BD123C408697237 /* GoogleSignIn */ = {
			isa = XCSwiftPackageProductDependency;
			package = 6160D25A59DF8DE9D2770B2D /* XCRemoteSwiftPackageReference "GoogleSignIn-iOS" */;
			productName = GoogleSignIn;
		};
		73C221837F84EEB751235C8E /* TaskforceKit */ = {
			isa = XCSwiftPackageProductDependency;
			productName = TaskforceKit;
		};
		80B175BF4CA400FA877FD5AF /* TaskforceUI */ = {
			isa = XCSwiftPackageProductDependency;
			productName = TaskforceUI;
		};
		A1C5FE529FB0C309AD76DA12 /* Supabase */ = {
			isa = XCSwiftPackageProductDependency;
			productName = Supabase;
		};
/* End XCSwiftPackageProductDependency section */
	};
	rootObject = 4048BC7BE910FF1E399DC4C5 /* Project object */;
}
